
Microsoft Visual Studio Solution File, Format Version 12.00
# Visual Studio Version 16
VisualStudioVersion = 16.0.31112.23
MinimumVisualStudioVersion = 10.0.40219.1
Project("{9A19103F-16F7-4668-BE54-9A1E7A4F7556}") = "MicroElements.Shared.Sources", "src\MicroElements.Shared.Sources\MicroElements.Shared.Sources.csproj", "{0ABC387E-B4B3-4C66-8E55-9966266F2B61}"
EndProject
Project("{2150E333-8FDC-42A3-9474-1A3956D46DE8}") = "src", "src", "{FD7ABEA6-64C8-4CEA-AECA-F95672558C1D}"
	ProjectSection(SolutionItems) = preProject
	EndProjectSection
EndProject
Project("{2150E333-8FDC-42A3-9474-1A3956D46DE8}") = "test", "test", "{F224D23C-4CB9-4F78-8B64-7B8C1263EB8C}"
	ProjectSection(SolutionItems) = preProject
	EndProjectSection
EndProject
Project("{9A19103F-16F7-4668-BE54-9A1E7A4F7556}") = "MicroElements.Shared.Tests", "test\MicroElements.Shared.Tests\MicroElements.Shared.Tests.csproj", "{B8771CF3-6704-49F3-815C-A1397196DFBE}"
EndProject
Project("{2150E333-8FDC-42A3-9474-1A3956D46DE8}") = "other", "other", "{4AFCFB68-71A9-482A-BFAA-0E08FE08A44C}"
	ProjectSection(SolutionItems) = preProject
		CHANGELOG.md = CHANGELOG.md
		common.props = common.props
		src\Directory.Build.props = src\Directory.Build.props
		README.md = README.md
	EndProjectSection
EndProject
Project("{9A19103F-16F7-4668-BE54-9A1E7A4F7556}") = "MicroElements.CodeContracts.Sources", "src\MicroElements.CodeContracts.Sources\MicroElements.CodeContracts.Sources.csproj", "{4A6D2023-46A4-4217-A0DA-EA64BB9D21B5}"
EndProject
Project("{9A19103F-16F7-4668-BE54-9A1E7A4F7556}") = "MicroElements.JetBrains.Sources", "src\MicroElements.JetBrains.Sources\MicroElements.JetBrains.Sources.csproj", "{C0C6EDC6-E2DB-4C20-B104-222A647B5E75}"
EndProject
Project("{9A19103F-16F7-4668-BE54-9A1E7A4F7556}") = "_build", "build\_build.csproj", "{6CBCEC34-9B2F-42E8-B5A4-01079059FBCA}"
EndProject
Project("{2150E333-8FDC-42A3-9474-1A3956D46DE8}") = "build", "build", "{AE6BA553-BDFA-4BE4-A92C-101299DED649}"
	ProjectSection(SolutionItems) = preProject
	EndProjectSection
EndProject
Project("{9A19103F-16F7-4668-BE54-9A1E7A4F7556}") = "MicroElements.Collections.Extensions.Sources", "src\MicroElements.Collections.Extensions.Sources\MicroElements.Collections.Extensions.Sources.csproj", "{41213F60-D1A0-46DB-A61E-A80A0AC1743E}"
EndProject
Project("{9A19103F-16F7-4668-BE54-9A1E7A4F7556}") = "MicroElements.Formatting.Sources", "src\MicroElements.Formatting.Sources\MicroElements.Formatting.Sources.csproj", "{20AC4408-1A4C-4928-87C7-639345DB48D3}"
EndProject
Project("{9A19103F-16F7-4668-BE54-9A1E7A4F7556}") = "MicroElements.Reflection", "src\MicroElements.Reflection\MicroElements.Reflection.csproj", "{5F434150-0404-4ECF-9692-FF2F8F4A112C}"
EndProject
Global
	GlobalSection(SolutionConfigurationPlatforms) = preSolution
		Debug|Any CPU = Debug|Any CPU
		Release|Any CPU = Release|Any CPU
	EndGlobalSection
	GlobalSection(ProjectConfigurationPlatforms) = postSolution
		{0ABC387E-B4B3-4C66-8E55-9966266F2B61}.Debug|Any CPU.ActiveCfg = Debug|Any CPU
		{0ABC387E-B4B3-4C66-8E55-9966266F2B61}.Debug|Any CPU.Build.0 = Debug|Any CPU
		{0ABC387E-B4B3-4C66-8E55-9966266F2B61}.Release|Any CPU.ActiveCfg = Release|Any CPU
		{0ABC387E-B4B3-4C66-8E55-9966266F2B61}.Release|Any CPU.Build.0 = Release|Any CPU
		{B8771CF3-6704-49F3-815C-A1397196DFBE}.Debug|Any CPU.ActiveCfg = Debug|Any CPU
		{B8771CF3-6704-49F3-815C-A1397196DFBE}.Debug|Any CPU.Build.0 = Debug|Any CPU
		{B8771CF3-6704-49F3-815C-A1397196DFBE}.Release|Any CPU.ActiveCfg = Release|Any CPU
		{B8771CF3-6704-49F3-815C-A1397196DFBE}.Release|Any CPU.Build.0 = Release|Any CPU
		{4A6D2023-46A4-4217-A0DA-EA64BB9D21B5}.Debug|Any CPU.ActiveCfg = Debug|Any CPU
		{4A6D2023-46A4-4217-A0DA-EA64BB9D21B5}.Debug|Any CPU.Build.0 = Debug|Any CPU
		{4A6D2023-46A4-4217-A0DA-EA64BB9D21B5}.Release|Any CPU.ActiveCfg = Release|Any CPU
		{4A6D2023-46A4-4217-A0DA-EA64BB9D21B5}.Release|Any CPU.Build.0 = Release|Any CPU
		{C0C6EDC6-E2DB-4C20-B104-222A647B5E75}.Debug|Any CPU.ActiveCfg = Debug|Any CPU
		{C0C6EDC6-E2DB-4C20-B104-222A647B5E75}.Debug|Any CPU.Build.0 = Debug|Any CPU
		{C0C6EDC6-E2DB-4C20-B104-222A647B5E75}.Release|Any CPU.ActiveCfg = Release|Any CPU
		{C0C6EDC6-E2DB-4C20-B104-222A647B5E75}.Release|Any CPU.Build.0 = Release|Any CPU
		{6CBCEC34-9B2F-42E8-B5A4-01079059FBCA}.Debug|Any CPU.ActiveCfg = Debug|Any CPU
		{6CBCEC34-9B2F-42E8-B5A4-01079059FBCA}.Release|Any CPU.ActiveCfg = Release|Any CPU
		{41213F60-D1A0-46DB-A61E-A80A0AC1743E}.Debug|Any CPU.ActiveCfg = Debug|Any CPU
		{41213F60-D1A0-46DB-A61E-A80A0AC1743E}.Debug|Any CPU.Build.0 = Debug|Any CPU
		{41213F60-D1A0-46DB-A61E-A80A0AC1743E}.Release|Any CPU.ActiveCfg = Release|Any CPU
		{41213F60-D1A0-46DB-A61E-A80A0AC1743E}.Release|Any CPU.Build.0 = Release|Any CPU
		{20AC4408-1A4C-4928-87C7-639345DB48D3}.Debug|Any CPU.ActiveCfg = Debug|Any CPU
		{20AC4408-1A4C-4928-87C7-639345DB48D3}.Debug|Any CPU.Build.0 = Debug|Any CPU
		{20AC4408-1A4C-4928-87C7-639345DB48D3}.Release|Any CPU.ActiveCfg = Release|Any CPU
		{20AC4408-1A4C-4928-87C7-639345DB48D3}.Release|Any CPU.Build.0 = Release|Any CPU
		{5F434150-0404-4ECF-9692-FF2F8F4A112C}.Debug|Any CPU.ActiveCfg = Debug|Any CPU
		{5F434150-0404-4ECF-9692-FF2F8F4A112C}.Debug|Any CPU.Build.0 = Debug|Any CPU
		{5F434150-0404-4ECF-9692-FF2F8F4A112C}.Release|Any CPU.ActiveCfg = Release|Any CPU
		{5F434150-0404-4ECF-9692-FF2F8F4A112C}.Release|Any CPU.Build.0 = Release|Any CPU
	EndGlobalSection
	GlobalSection(SolutionProperties) = preSolution
		HideSolutionNode = FALSE
	EndGlobalSection
	GlobalSection(NestedProjects) = preSolution
		{0ABC387E-B4B3-4C66-8E55-9966266F2B61} = {FD7ABEA6-64C8-4CEA-AECA-F95672558C1D}
		{B8771CF3-6704-49F3-815C-A1397196DFBE} = {F224D23C-4CB9-4F78-8B64-7B8C1263EB8C}
		{4A6D2023-46A4-4217-A0DA-EA64BB9D21B5} = {FD7ABEA6-64C8-4CEA-AECA-F95672558C1D}
		{C0C6EDC6-E2DB-4C20-B104-222A647B5E75} = {FD7ABEA6-64C8-4CEA-AECA-F95672558C1D}
		{6CBCEC34-9B2F-42E8-B5A4-01079059FBCA} = {AE6BA553-BDFA-4BE4-A92C-101299DED649}
		{41213F60-D1A0-46DB-A61E-A80A0AC1743E} = {FD7ABEA6-64C8-4CEA-AECA-F95672558C1D}
		{20AC4408-1A4C-4928-87C7-639345DB48D3} = {FD7ABEA6-64C8-4CEA-AECA-F95672558C1D}
		{5F434150-0404-4ECF-9692-FF2F8F4A112C} = {FD7ABEA6-64C8-4CEA-AECA-F95672558C1D}
	EndGlobalSection
	GlobalSection(ExtensibilityGlobals) = postSolution
		SolutionGuid = {4A04393F-4409-415D-B678-82DF909220F9}
	EndGlobalSection
EndGlobal
