
Microsoft Visual Studio Solution File, Format Version 12.00
# Visual Studio Version 17
VisualStudioVersion = 17.2.32505.173
MinimumVisualStudioVersion = 10.0.40219.1
Project("{9A19103F-16F7-4668-BE54-9A1E7A4F7556}") = "MicroElements.Shared.Sources", "src\MicroElements.Shared.Sources\MicroElements.Shared.Sources.csproj", "{0ABC387E-B4B3-4C66-8E55-9966266F2B61}"
EndProject
Project("{2150E333-8FDC-42A3-9474-1A3956D46DE8}") = "src", "src", "{FD7ABEA6-64C8-4CEA-AECA-F95672558C1D}"
EndProject
Project("{2150E333-8FDC-42A3-9474-1A3956D46DE8}") = "tests", "tests", "{F224D23C-4CB9-4F78-8B64-7B8C1263EB8C}"
EndProject
Project("{2150E333-8FDC-42A3-9474-1A3956D46DE8}") = "solution_items", "solution_items", "{4AFCFB68-71A9-482A-BFAA-0E08FE08A44C}"
	ProjectSection(SolutionItems) = preProject
		CHANGELOG.md = CHANGELOG.md
		common.props = common.props
		src\Directory.Build.props = src\Directory.Build.props
		LICENSE = LICENSE
		README.md = README.md
		README.md.liquid = README.md.liquid
	EndProjectSection
EndProject
Project("{9A19103F-16F7-4668-BE54-9A1E7A4F7556}") = "MicroElements.CodeContracts.Sources", "src\MicroElements.CodeContracts.Sources\MicroElements.CodeContracts.Sources.csproj", "{4A6D2023-46A4-4217-A0DA-EA64BB9D21B5}"
EndProject
Project("{9A19103F-16F7-4668-BE54-9A1E7A4F7556}") = "MicroElements.JetBrains.Sources", "src\MicroElements.JetBrains.Sources\MicroElements.JetBrains.Sources.csproj", "{C0C6EDC6-E2DB-4C20-B104-222A647B5E75}"
EndProject
Project("{9A19103F-16F7-4668-BE54-9A1E7A4F7556}") = "_build", "build\_build.csproj", "{6CBCEC34-9B2F-42E8-B5A4-01079059FBCA}"
EndProject
Project("{2150E333-8FDC-42A3-9474-1A3956D46DE8}") = "build", "build", "{AE6BA553-BDFA-4BE4-A92C-101299DED649}"
EndProject
Project("{9A19103F-16F7-4668-BE54-9A1E7A4F7556}") = "MicroElements.Formatting.Sources", "src\MicroElements.Formatting.Sources\MicroElements.Formatting.Sources.csproj", "{20AC4408-1A4C-4928-87C7-639345DB48D3}"
EndProject
Project("{9A19103F-16F7-4668-BE54-9A1E7A4F7556}") = "MicroElements.Reflection", "src\MicroElements.Reflection\MicroElements.Reflection.csproj", "{5F434150-0404-4ECF-9692-FF2F8F4A112C}"
EndProject
Project("{9A19103F-16F7-4668-BE54-9A1E7A4F7556}") = "MicroElements.Shared.Tests", "tests\MicroElements.Shared.Tests\MicroElements.Shared.Tests.csproj", "{F857B911-2ACC-4907-988E-AA9DEADB40DE}"
EndProject
Project("{9A19103F-16F7-4668-BE54-9A1E7A4F7556}") = "MicroElements.Reflection.Sources", "src\MicroElements.Reflection.Sources\MicroElements.Reflection.Sources.csproj", "{DB86157A-5291-4E03-979B-3E7B25F93D04}"
EndProject
Project("{9A19103F-16F7-4668-BE54-9A1E7A4F7556}") = "MicroElements.IsExternalInit", "src\MicroElements.IsExternalInit\MicroElements.IsExternalInit.csproj", "{53C6E9E3-72D1-4238-891C-B62692A34DFC}"
EndProject
Project("{9A19103F-16F7-4668-BE54-9A1E7A4F7556}") = "MicroElements.Collections.Sources", "src\MicroElements.Collections.Sources\MicroElements.Collections.Sources.csproj", "{2FC8E490-707D-417D-ABA6-FF9A0E6C9819}"
EndProject
Project("{9A19103F-16F7-4668-BE54-9A1E7A4F7556}") = "MicroElements.Text.Sources", "src\MicroElements.Text.Sources\MicroElements.Text.Sources.csproj", "{50BF8CF6-F985-4A36-BD36-154ED77AF8EC}"
EndProject
Global
	GlobalSection(SolutionConfigurationPlatforms) = preSolution
		Debug|Any CPU = Debug|Any CPU
		Release|Any CPU = Release|Any CPU
	EndGlobalSection
	GlobalSection(ProjectConfigurationPlatforms) = postSolution
		{0ABC387E-B4B3-4C66-8E55-9966266F2B61}.Debug|Any CPU.ActiveCfg = Debug|Any CPU
		{0ABC387E-B4B3-4C66-8E55-9966266F2B61}.Debug|Any CPU.Build.0 = Debug|Any CPU
		{0ABC387E-B4B3-4C66-8E55-9966266F2B61}.Release|Any CPU.ActiveCfg = Release|Any CPU
		{0ABC387E-B4B3-4C66-8E55-9966266F2B61}.Release|Any CPU.Build.0 = Release|Any CPU
		{4A6D2023-46A4-4217-A0DA-EA64BB9D21B5}.Debug|Any CPU.ActiveCfg = Debug|Any CPU
		{4A6D2023-46A4-4217-A0DA-EA64BB9D21B5}.Debug|Any CPU.Build.0 = Debug|Any CPU
		{4A6D2023-46A4-4217-A0DA-EA64BB9D21B5}.Release|Any CPU.ActiveCfg = Release|Any CPU
		{4A6D2023-46A4-4217-A0DA-EA64BB9D21B5}.Release|Any CPU.Build.0 = Release|Any CPU
		{C0C6EDC6-E2DB-4C20-B104-222A647B5E75}.Debug|Any CPU.ActiveCfg = Debug|Any CPU
		{C0C6EDC6-E2DB-4C20-B104-222A647B5E75}.Debug|Any CPU.Build.0 = Debug|Any CPU
		{C0C6EDC6-E2DB-4C20-B104-222A647B5E75}.Release|Any CPU.ActiveCfg = Release|Any CPU
		{C0C6EDC6-E2DB-4C20-B104-222A647B5E75}.Release|Any CPU.Build.0 = Release|Any CPU
		{6CBCEC34-9B2F-42E8-B5A4-01079059FBCA}.Debug|Any CPU.ActiveCfg = Debug|Any CPU
		{6CBCEC34-9B2F-42E8-B5A4-01079059FBCA}.Release|Any CPU.ActiveCfg = Release|Any CPU
		{20AC4408-1A4C-4928-87C7-639345DB48D3}.Debug|Any CPU.ActiveCfg = Debug|Any CPU
		{20AC4408-1A4C-4928-87C7-639345DB48D3}.Debug|Any CPU.Build.0 = Debug|Any CPU
		{20AC4408-1A4C-4928-87C7-639345DB48D3}.Release|Any CPU.ActiveCfg = Release|Any CPU
		{20AC4408-1A4C-4928-87C7-639345DB48D3}.Release|Any CPU.Build.0 = Release|Any CPU
		{5F434150-0404-4ECF-9692-FF2F8F4A112C}.Debug|Any CPU.ActiveCfg = Debug|Any CPU
		{5F434150-0404-4ECF-9692-FF2F8F4A112C}.Debug|Any CPU.Build.0 = Debug|Any CPU
		{5F434150-0404-4ECF-9692-FF2F8F4A112C}.Release|Any CPU.ActiveCfg = Release|Any CPU
		{5F434150-0404-4ECF-9692-FF2F8F4A112C}.Release|Any CPU.Build.0 = Release|Any CPU
		{F857B911-2ACC-4907-988E-AA9DEADB40DE}.Debug|Any CPU.ActiveCfg = Debug|Any CPU
		{F857B911-2ACC-4907-988E-AA9DEADB40DE}.Debug|Any CPU.Build.0 = Debug|Any CPU
		{F857B911-2ACC-4907-988E-AA9DEADB40DE}.Release|Any CPU.ActiveCfg = Release|Any CPU
		{F857B911-2ACC-4907-988E-AA9DEADB40DE}.Release|Any CPU.Build.0 = Release|Any CPU
		{DB86157A-5291-4E03-979B-3E7B25F93D04}.Debug|Any CPU.ActiveCfg = Debug|Any CPU
		{DB86157A-5291-4E03-979B-3E7B25F93D04}.Debug|Any CPU.Build.0 = Debug|Any CPU
		{DB86157A-5291-4E03-979B-3E7B25F93D04}.Release|Any CPU.ActiveCfg = Release|Any CPU
		{DB86157A-5291-4E03-979B-3E7B25F93D04}.Release|Any CPU.Build.0 = Release|Any CPU
		{53C6E9E3-72D1-4238-891C-B62692A34DFC}.Debug|Any CPU.ActiveCfg = Debug|Any CPU
		{53C6E9E3-72D1-4238-891C-B62692A34DFC}.Debug|Any CPU.Build.0 = Debug|Any CPU
		{53C6E9E3-72D1-4238-891C-B62692A34DFC}.Release|Any CPU.ActiveCfg = Release|Any CPU
		{53C6E9E3-72D1-4238-891C-B62692A34DFC}.Release|Any CPU.Build.0 = Release|Any CPU
		{2FC8E490-707D-417D-ABA6-FF9A0E6C9819}.Debug|Any CPU.ActiveCfg = Debug|Any CPU
		{2FC8E490-707D-417D-ABA6-FF9A0E6C9819}.Debug|Any CPU.Build.0 = Debug|Any CPU
		{2FC8E490-707D-417D-ABA6-FF9A0E6C9819}.Release|Any CPU.ActiveCfg = Release|Any CPU
		{2FC8E490-707D-417D-ABA6-FF9A0E6C9819}.Release|Any CPU.Build.0 = Release|Any CPU
		{50BF8CF6-F985-4A36-BD36-154ED77AF8EC}.Debug|Any CPU.ActiveCfg = Debug|Any CPU
		{50BF8CF6-F985-4A36-BD36-154ED77AF8EC}.Debug|Any CPU.Build.0 = Debug|Any CPU
		{50BF8CF6-F985-4A36-BD36-154ED77AF8EC}.Release|Any CPU.ActiveCfg = Release|Any CPU
		{50BF8CF6-F985-4A36-BD36-154ED77AF8EC}.Release|Any CPU.Build.0 = Release|Any CPU
	EndGlobalSection
	GlobalSection(SolutionProperties) = preSolution
		HideSolutionNode = FALSE
	EndGlobalSection
	GlobalSection(NestedProjects) = preSolution
		{0ABC387E-B4B3-4C66-8E55-9966266F2B61} = {FD7ABEA6-64C8-4CEA-AECA-F95672558C1D}
		{4A6D2023-46A4-4217-A0DA-EA64BB9D21B5} = {FD7ABEA6-64C8-4CEA-AECA-F95672558C1D}
		{C0C6EDC6-E2DB-4C20-B104-222A647B5E75} = {FD7ABEA6-64C8-4CEA-AECA-F95672558C1D}
		{6CBCEC34-9B2F-42E8-B5A4-01079059FBCA} = {AE6BA553-BDFA-4BE4-A92C-101299DED649}
		{20AC4408-1A4C-4928-87C7-639345DB48D3} = {FD7ABEA6-64C8-4CEA-AECA-F95672558C1D}
		{5F434150-0404-4ECF-9692-FF2F8F4A112C} = {FD7ABEA6-64C8-4CEA-AECA-F95672558C1D}
		{F857B911-2ACC-4907-988E-AA9DEADB40DE} = {F224D23C-4CB9-4F78-8B64-7B8C1263EB8C}
		{DB86157A-5291-4E03-979B-3E7B25F93D04} = {FD7ABEA6-64C8-4CEA-AECA-F95672558C1D}
		{53C6E9E3-72D1-4238-891C-B62692A34DFC} = {FD7ABEA6-64C8-4CEA-AECA-F95672558C1D}
		{2FC8E490-707D-417D-ABA6-FF9A0E6C9819} = {FD7ABEA6-64C8-4CEA-AECA-F95672558C1D}
		{50BF8CF6-F985-4A36-BD36-154ED77AF8EC} = {FD7ABEA6-64C8-4CEA-AECA-F95672558C1D}
	EndGlobalSection
	GlobalSection(ExtensibilityGlobals) = postSolution
		SolutionGuid = {4A04393F-4409-415D-B678-82DF909220F9}
	EndGlobalSection
EndGlobal
